
Microsoft Visual Studio Solution File, Format Version 12.00
# Visual Studio Version 16
VisualStudioVersion = 16.0.30907.101
MinimumVisualStudioVersion = 10.0.40219.1
Project("{FAE04EC0-301F-11D3-BF4B-00C04F79EFBC}") = "PollyCaching", "PollyCaching\PollyCaching.csproj", "{571EC4D8-0611-496B-878D-EC24B33DF82A}"
EndProject
Project("{2150E333-8FDC-42A3-9474-1A3956D46DE8}") = "Solution Items", "Solution Items", "{02C64216-B37D-4C38-BF81-51F9F4474659}"
	ProjectSection(SolutionItems) = preProject
		Readme.md = Readme.md
	EndProjectSection
EndProject
Global
	GlobalSection(SolutionConfigurationPlatforms) = preSolution
		Debug|Any CPU = Debug|Any CPU
		Release|Any CPU = Release|Any CPU
	EndGlobalSection
	GlobalSection(ProjectConfigurationPlatforms) = postSolution
		{571EC4D8-0611-496B-878D-EC24B33DF82A}.Debug|Any CPU.ActiveCfg = Debug|Any CPU
		{571EC4D8-0611-496B-878D-EC24B33DF82A}.Debug|Any CPU.Build.0 = Debug|Any CPU
		{571EC4D8-0611-496B-878D-EC24B33DF82A}.Release|Any CPU.ActiveCfg = Release|Any CPU
		{571EC4D8-0611-496B-878D-EC24B33DF82A}.Release|Any CPU.Build.0 = Release|Any CPU
	EndGlobalSection
	GlobalSection(SolutionProperties) = preSolution
		HideSolutionNode = FALSE
	EndGlobalSection
	GlobalSection(ExtensibilityGlobals) = postSolution
		SolutionGuid = {862638A2-F9F0-4D5D-A10B-B8902FD149CA}
	EndGlobalSection
EndGlobal
